{
  "name": "bokahli",
  "version": "2.0.0-phase1",
  "lockfileVersion": 3,
  "requires": true,
  "packages": {
    "": {
      "name": "bokahli",
      "version": "2.0.0-phase1",
      "license": "MIT",
      "workspaces": [
        "packages/contracts",
        "packages/catalog",
        "packages/qualification",
        "packages/tasks",
        "packages/runtime",
        "packages/server"
      ],
      "devDependencies": {
        "@types/node": "^22.15.0",
        "typescript": "^5.9.0"
      },
      "engines": {
        "node": ">=22.18.0"
      }
    },
    "node_modules/@bokahli/catalog": {
      "resolved": "packages/catalog",
      "link": true
    },
    "node_modules/@bokahli/contracts": {
      "resolved": "packages/contracts",
      "link": true
    },
    "node_modules/@bokahli/qualification": {
      "resolved": "packages/qualification",
      "link": true
    },
    "node_modules/@bokahli/runtime": {
      "resolved": "packages/runtime",
      "link": true
    },
    "node_modules/@bokahli/server": {
      "resolved": "packages/server",
      "link": true
    },
    "node_modules/@bokahli/tasks": {
      "resolved": "packages/tasks",
      "link": true
    },
    "node_modules/@types/node": {
      "version": "22.20.1",
      "resolved": "https://registry.npmjs.org/@types/node/-/node-22.20.1.tgz",
      "integrity": "sha512-EANqOCF9QFyra+4pfxUcX9STKJpCLjMbObVzljIJomAWSnuSIEAvyzEU53GaajbXJEgdh0iEcPL+DGvpUd4k1Q==",
      "dev": true,
      "license": "MIT",
      "dependencies": {
        "undici-types": "~6.21.0"
      }
    },
    "node_modules/typescript": {
      "version": "5.9.3",
      "resolved": "https://registry.npmjs.org/typescript/-/typescript-5.9.3.tgz",
      "integrity": "sha512-jl1vZzPDinLr9eUt3J/t7V6FgNEw9QjvBPdysz9KfQDD41fQrC2Y4vKQdiaUpFT4bXlb1RHhLpp8wtm6M5TgSw==",
      "dev": true,
      "license": "Apache-2.0",
      "bin": {
        "tsc": "bin/tsc",
        "tsserver": "bin/tsserver"
      },
      "engines": {
        "node": ">=14.17"
      }
    },
    "node_modules/undici-types": {
      "version": "6.21.0",
      "resolved": "https://registry.npmjs.org/undici-types/-/undici-types-6.21.0.tgz",
      "integrity": "sha512-iwDZqg0QAGrg9Rav5H4n0M64c3mkR59cJ6wQp+7C4nI0gsmExaedaYLNO44eT4AtBBwjbTiGPMlt2Md0T9H9JQ==",
      "dev": true,
      "license": "MIT"
    },
    "packages/catalog": {
      "name": "@bokahli/catalog",
      "version": "2.0.0-phase1",
      "dependencies": {
        "@bokahli/contracts": "2.0.0-phase1"
      }
    },
    "packages/contracts": {
      "name": "@bokahli/contracts",
      "version": "2.0.0-phase1"
    },
    "packages/qualification": {
      "name": "@bokahli/qualification",
      "version": "2.0.0-phase2a",
      "dependencies": {
        "@bokahli/contracts": "2.0.0-phase1"
      }
    },
    "packages/runtime": {
      "name": "@bokahli/runtime",
      "version": "2.0.0-phase1",
      "dependencies": {
        "@bokahli/catalog": "2.0.0-phase1",
        "@bokahli/contracts": "2.0.0-phase1"
      }
    },
    "packages/server": {
      "name": "@bokahli/server",
      "version": "2.0.0-phase1",
      "dependencies": {
        "@bokahli/catalog": "2.0.0-phase1",
        "@bokahli/contracts": "2.0.0-phase1",
        "@bokahli/qualification": "2.0.0-phase2a",
        "@bokahli/runtime": "2.0.0-phase1",
        "@bokahli/tasks": "2.0.0-phase2a"
      }
    },
    "packages/tasks": {
      "name": "@bokahli/tasks",
      "version": "2.0.0-phase2a",
      "dependencies": {
        "@bokahli/contracts": "2.0.0-phase1"
      }
    }
  }
}
